
Microsoft Visual Studio Solution File, Format Version 12.00
# Visual Studio Version 16
VisualStudioVersion = 16.0.32802.440
MinimumVisualStudioVersion = 10.0.40219.1
Project("{8BC9CEB8-8B4A-11D0-8D11-00A0C91BC942}") = "LinkedList_Star", "LinkedList_Star\LinkedList_Star.vcxproj", "{3B778B9A-C9C5-47FB-BADB-6B6A86A31692}"
EndProject
Global
	GlobalSection(SolutionConfigurationPlatforms) = preSolution
		Debug|x64 = Debug|x64
		Debug|x86 = Debug|x86
		Release|x64 = Release|x64
		Release|x86 = Release|x86
	EndGlobalSection
	GlobalSection(ProjectConfigurationPlatforms) = postSolution
		{3B778B9A-C9C5-47FB-BADB-6B6A86A31692}.Debug|x64.ActiveCfg = Debug|x64
		{3B778B9A-C9C5-47FB-BADB-6B6A86A31692}.Debug|x64.Build.0 = Debug|x64
		{3B778B9A-C9C5-47FB-BADB-6B6A86A31692}.Debug|x86.ActiveCfg = Debug|Win32
		{3B778B9A-C9C5-47FB-BADB-6B6A86A31692}.Debug|x86.Build.0 = Debug|Win32
		{3B778B9A-C9C5-47FB-BADB-6B6A86A31692}.Release|x64.ActiveCfg = Release|x64
		{3B778B9A-C9C5-47FB-BADB-6B6A86A31692}.Release|x64.Build.0 = Release|x64
		{3B778B9A-C9C5-47FB-BADB-6B6A86A31692}.Release|x86.ActiveCfg = Release|Win32
		{3B778B9A-C9C5-47FB-BADB-6B6A86A31692}.Release|x86.Build.0 = Release|Win32
	EndGlobalSection
	GlobalSection(SolutionProperties) = preSolution
		HideSolutionNode = FALSE
	EndGlobalSection
	GlobalSection(ExtensibilityGlobals) = postSolution
		SolutionGuid = {5298CBBA-63A5-4E2B-8C31-CB4F92F8118F}
	EndGlobalSection
EndGlobal
